
Microsoft Visual Studio Solution File, Format Version 12.00
# Visual Studio Version 16
VisualStudioVersion = 16.0.31911.196
MinimumVisualStudioVersion = 10.0.40219.1
Project("{FAE04EC0-301F-11D3-BF4B-00C04F79EFBC}") = "DegiskenlerUygulama", "DegiskenlerUygulama\DegiskenlerUygulama.csproj", "{4675744B-B763-4DA9-A8A0-27A4729E5216}"
EndProject
Global
	GlobalSection(SolutionConfigurationPlatforms) = preSolution
		Debug|Any CPU = Debug|Any CPU
		Release|Any CPU = Release|Any CPU
	EndGlobalSection
	GlobalSection(ProjectConfigurationPlatforms) = postSolution
		{4675744B-B763-4DA9-A8A0-27A4729E5216}.Debug|Any CPU.ActiveCfg = Debug|Any CPU
		{4675744B-B763-4DA9-A8A0-27A4729E5216}.Debug|Any CPU.Build.0 = Debug|Any CPU
		{4675744B-B763-4DA9-A8A0-27A4729E5216}.Release|Any CPU.ActiveCfg = Release|Any CPU
		{4675744B-B763-4DA9-A8A0-27A4729E5216}.Release|Any CPU.Build.0 = Release|Any CPU
	EndGlobalSection
	GlobalSection(SolutionProperties) = preSolution
		HideSolutionNode = FALSE
	EndGlobalSection
	GlobalSection(ExtensibilityGlobals) = postSolution
		SolutionGuid = {3556B7DC-093E-42E3-9281-D9B6D01C2578}
	EndGlobalSection
EndGlobal
